
Microsoft Visual Studio Solution File, Format Version 12.00
# Visual Studio 2013
VisualStudioVersion = 12.0.31101.0
MinimumVisualStudioVersion = 10.0.40219.1
Project("{CC5FD16D-436D-48AD-A40C-5A424C6E3E79}") = "StockInsider", "StockInsider\StockInsider.ccproj", "{B33BB528-2569-4503-8AD7-582D6876ECD3}"
EndProject
Project("{FAE04EC0-301F-11D3-BF4B-00C04F79EFBC}") = "TestWorkerRole", "TestWorkerRole\TestWorkerRole.csproj", "{67F97E93-D3A1-411D-8ABF-E2B1E55F7E73}"
EndProject
Project("{00D1A9C2-B5F0-4AF3-8072-F6C62B433612}") = "SIdb", "SIdb\SIdb.sqlproj", "{FAD08BCD-EB33-459B-83B6-53F6EA54C721}"
EndProject
Project("{2150E333-8FDC-42A3-9474-1A3956D46DE8}") = "Databases", "Databases", "{91096878-B4BF-49D3-A4B4-94B8B6E1A7A6}"
EndProject
Project("{2150E333-8FDC-42A3-9474-1A3956D46DE8}") = "WorkerRoles", "WorkerRoles", "{9F83EF02-962B-4A23-9B53-ACDE8CFB94F4}"
EndProject
Global
	GlobalSection(SolutionConfigurationPlatforms) = preSolution
		Debug|Any CPU = Debug|Any CPU
		Release|Any CPU = Release|Any CPU
	EndGlobalSection
	GlobalSection(ProjectConfigurationPlatforms) = postSolution
		{B33BB528-2569-4503-8AD7-582D6876ECD3}.Debug|Any CPU.ActiveCfg = Debug|Any CPU
		{B33BB528-2569-4503-8AD7-582D6876ECD3}.Debug|Any CPU.Build.0 = Debug|Any CPU
		{B33BB528-2569-4503-8AD7-582D6876ECD3}.Release|Any CPU.ActiveCfg = Release|Any CPU
		{B33BB528-2569-4503-8AD7-582D6876ECD3}.Release|Any CPU.Build.0 = Release|Any CPU
		{67F97E93-D3A1-411D-8ABF-E2B1E55F7E73}.Debug|Any CPU.ActiveCfg = Debug|Any CPU
		{67F97E93-D3A1-411D-8ABF-E2B1E55F7E73}.Debug|Any CPU.Build.0 = Debug|Any CPU
		{67F97E93-D3A1-411D-8ABF-E2B1E55F7E73}.Release|Any CPU.ActiveCfg = Release|Any CPU
		{67F97E93-D3A1-411D-8ABF-E2B1E55F7E73}.Release|Any CPU.Build.0 = Release|Any CPU
		{FAD08BCD-EB33-459B-83B6-53F6EA54C721}.Debug|Any CPU.ActiveCfg = Debug|Any CPU
		{FAD08BCD-EB33-459B-83B6-53F6EA54C721}.Debug|Any CPU.Build.0 = Debug|Any CPU
		{FAD08BCD-EB33-459B-83B6-53F6EA54C721}.Debug|Any CPU.Deploy.0 = Debug|Any CPU
		{FAD08BCD-EB33-459B-83B6-53F6EA54C721}.Release|Any CPU.ActiveCfg = Release|Any CPU
		{FAD08BCD-EB33-459B-83B6-53F6EA54C721}.Release|Any CPU.Build.0 = Release|Any CPU
		{FAD08BCD-EB33-459B-83B6-53F6EA54C721}.Release|Any CPU.Deploy.0 = Release|Any CPU
	EndGlobalSection
	GlobalSection(SolutionProperties) = preSolution
		HideSolutionNode = FALSE
	EndGlobalSection
	GlobalSection(NestedProjects) = preSolution
		{67F97E93-D3A1-411D-8ABF-E2B1E55F7E73} = {9F83EF02-962B-4A23-9B53-ACDE8CFB94F4}
		{FAD08BCD-EB33-459B-83B6-53F6EA54C721} = {91096878-B4BF-49D3-A4B4-94B8B6E1A7A6}
	EndGlobalSection
EndGlobal
